// !$*UTF8*$!
{
	archiveVersion = 1;
	classes = {
	};
	objectVersion = 55;
	objects = {

/* Begin PBXBuildFile section */
		85B55604EA8CBD8B303CD07B /* Pods_ToolTipViewSample.framework in Frameworks */ = {isa = PBXBuildFile; fileRef = 91AA4837FA34534B7040B67C /* Pods_ToolTipViewSample.framework */; };
		BD05DCAE281A7DD1005F8D96 /* TabBarController.swift in Sources */ = {isa = PBXBuildFile; fileRef = BD05DCAD281A7DD1005F8D96 /* TabBarController.swift */; };
		BD05DCB0281A7DF7005F8D96 /* ContentViewController.swift in Sources */ = {isa = PBXBuildFile; fileRef = BD05DCAF281A7DF7005F8D96 /* ContentViewController.swift */; };
		BD65083928197C1B009FEEFE /* AppDelegate.swift in Sources */ = {isa = PBXBuildFile; fileRef = BD65083828197C1B009FEEFE /* AppDelegate.swift */; };
		BD65083B28197C1B009FEEFE /* SceneDelegate.swift in Sources */ = {isa = PBXBuildFile; fileRef = BD65083A28197C1B009FEEFE /* SceneDelegate.swift */; };
		BD65083D28197C1B009FEEFE /* ViewController.swift in Sources */ = {isa = PBXBuildFile; fileRef = BD65083C28197C1B009FEEFE /* ViewController.swift */; };
		BD65084228197C1C009FEEFE /* Assets.xcassets in Resources */ = {isa = PBXBuildFile; fileRef = BD65084128197C1C009FEEFE /* Assets.xcassets */; };
		BD65084528197C1C009FEEFE /* LaunchScreen.storyboard in Resources */ = {isa = PBXBuildFile; fileRef = BD65084328197C1C009FEEFE /* LaunchScreen.storyboard */; };
/* End PBXBuildFile section */

/* Begin PBXFileReference section */
		7ABBE685844A235CFCFA19DF /* Pods-ToolTipViewSample.release.xcconfig */ = {isa = PBXFileReference; includeInIndex = 1; lastKnownFileType = text.xcconfig; name = "Pods-ToolTipViewSample.release.xcconfig"; path = "Target Support Files/Pods-ToolTipViewSample/Pods-ToolTipViewSample.release.xcconfig"; sourceTree = "<group>"; };
		91AA4837FA34534B7040B67C /* Pods_ToolTipViewSample.framework */ = {isa = PBXFileReference; explicitFileType = wrapper.framework; includeInIndex = 0; path = Pods_ToolTipViewSample.framework; sourceTree = BUILT_PRODUCTS_DIR; };
		BD05DCAD281A7DD1005F8D96 /* TabBarController.swift */ = {isa = PBXFileReference; lastKnownFileType = sourcecode.swift; path = TabBarController.swift; sourceTree = "<group>"; };
		BD05DCAF281A7DF7005F8D96 /* ContentViewController.swift */ = {isa = PBXFileReference; lastKnownFileType = sourcecode.swift; path = ContentViewController.swift; sourceTree = "<group>"; };
		BD65083528197C1B009FEEFE /* ToolTipViewSample.app */ = {isa = PBXFileReference; explicitFileType = wrapper.application; includeInIndex = 0; path = ToolTipViewSample.app; sourceTree = BUILT_PRODUCTS_DIR; };
		BD65083828197C1B009FEEFE /* AppDelegate.swift */ = {isa = PBXFileReference; lastKnownFileType = sourcecode.swift; path = AppDelegate.swift; sourceTree = "<group>"; };
		BD65083A28197C1B009FEEFE /* SceneDelegate.swift */ = {isa = PBXFileReference; lastKnownFileType = sourcecode.swift; path = SceneDelegate.swift; sourceTree = "<group>"; };
		BD65083C28197C1B009FEEFE /* ViewController.swift */ = {isa = PBXFileReference; lastKnownFileType = sourcecode.swift; path = ViewController.swift; sourceTree = "<group>"; };
		BD65084128197C1C009FEEFE /* Assets.xcassets */ = {isa = PBXFileReference; lastKnownFileType = folder.assetcatalog; path = Assets.xcassets; sourceTree = "<group>"; };
		BD65084428197C1C009FEEFE /* Base */ = {isa = PBXFileReference; lastKnownFileType = file.storyboard; name = Base; path = Base.lproj/LaunchScreen.storyboard; sourceTree = "<group>"; };
		BD65084628197C1C009FEEFE /* Info.plist */ = {isa = PBXFileReference; lastKnownFileType = text.plist.xml; path = Info.plist; sourceTree = "<group>"; };
		FC1D7E7606D3F4F5F755FC01 /* Pods-ToolTipViewSample.debug.xcconfig */ = {isa = PBXFileReference; includeInIndex = 1; lastKnownFileType = text.xcconfig; name = "Pods-ToolTipViewSample.debug.xcconfig"; path = "Target Support Files/Pods-ToolTipViewSample/Pods-ToolTipViewSample.debug.xcconfig"; sourceTree = "<group>"; };
/* End PBXFileReference section */

/* Begin PBXFrameworksBuildPhase section */
		BD65083228197C1B009FEEFE /* Frameworks */ = {
			isa = PBXFrameworksBuildPhase;
			buildActionMask = 2147483647;
			files = (
				85B55604EA8CBD8B303CD07B /* Pods_ToolTipViewSample.framework in Frameworks */,
			);
			runOnlyForDeploymentPostprocessing = 0;
		};
/* End PBXFrameworksBuildPhase section */

/* Begin PBXGroup section */
		443998530369ACEF4B933F2B /* Frameworks */ = {
			isa = PBXGroup;
			children = (
				91AA4837FA34534B7040B67C /* Pods_ToolTipViewSample.framework */,
			);
			name = Frameworks;
			sourceTree = "<group>";
		};
		4EA4BF574868F0841B965405 /* Pods */ = {
			isa = PBXGroup;
			children = (
				FC1D7E7606D3F4F5F755FC01 /* Pods-ToolTipViewSample.debug.xcconfig */,
				7ABBE685844A235CFCFA19DF /* Pods-ToolTipViewSample.release.xcconfig */,
			);
			path = Pods;
			sourceTree = "<group>";
		};
		BD05DCAC281A7DBC005F8D96 /* TabBar */ = {
			isa = PBXGroup;
			children = (
				BD05DCAD281A7DD1005F8D96 /* TabBarController.swift */,
				BD05DCAF281A7DF7005F8D96 /* ContentViewController.swift */,
			);
			path = TabBar;
			sourceTree = "<group>";
		};
		BD65082C28197C1B009FEEFE = {
			isa = PBXGroup;
			children = (
				BD65083728197C1B009FEEFE /* ToolTipViewSample */,
				BD65083628197C1B009FEEFE /* Products */,
				4EA4BF574868F0841B965405 /* Pods */,
				443998530369ACEF4B933F2B /* Frameworks */,
			);
			sourceTree = "<group>";
		};
		BD65083628197C1B009FEEFE /* Products */ = {
			isa = PBXGroup;
			children = (
				BD65083528197C1B009FEEFE /* ToolTipViewSample.app */,
			);
			name = Products;
			sourceTree = "<group>";
		};
		BD65083728197C1B009FEEFE /* ToolTipViewSample */ = {
			isa = PBXGroup;
			children = (
				BD05DCAC281A7DBC005F8D96 /* TabBar */,
				BD65083828197C1B009FEEFE /* AppDelegate.swift */,
				BD65083A28197C1B009FEEFE /* SceneDelegate.swift */,
				BD65083C28197C1B009FEEFE /* ViewController.swift */,
				BD65084128197C1C009FEEFE /* Assets.xcassets */,
				BD65084328197C1C009FEEFE /* LaunchScreen.storyboard */,
				BD65084628197C1C009FEEFE /* Info.plist */,
			);
			path = ToolTipViewSample;
			sourceTree = "<group>";
		};
/* End PBXGroup section */

/* Begin PBXNativeTarget section */
		BD65083428197C1B009FEEFE /* ToolTipViewSample */ = {
			isa = PBXNativeTarget;
			buildConfigurationList = BD65084928197C1C009FEEFE /* Build configuration list for PBXNativeTarget "ToolTipViewSample" */;
			buildPhases = (
				4AA00347BAFA4824055536D8 /* [CP] Check Pods Manifest.lock */,
				BD65083128197C1B009FEEFE /* Sources */,
				BD65083228197C1B009FEEFE /* Frameworks */,
				BD65083328197C1B009FEEFE /* Resources */,
				0236DBC58E22EFB1C85502CA /* [CP] Embed Pods Frameworks */,
			);
			buildRules = (
			);
			dependencies = (
			);
			name = ToolTipViewSample;
			productName = ToolTipViewSample;
			productReference = BD65083528197C1B009FEEFE /* ToolTipViewSample.app */;
			productType = "com.apple.product-type.application";
		};
/* End PBXNativeTarget section */

/* Begin PBXProject section */
		BD65082D28197C1B009FEEFE /* Project object */ = {
			isa = PBXProject;
			attributes = {
				BuildIndependentTargetsInParallel = 1;
				LastSwiftUpdateCheck = 1320;
				LastUpgradeCheck = 1320;
				TargetAttributes = {
					BD65083428197C1B009FEEFE = {
						CreatedOnToolsVersion = 13.2.1;
					};
				};
			};
			buildConfigurationList = BD65083028197C1B009FEEFE /* Build configuration list for PBXProject "ToolTipViewSample" */;
			compatibilityVersion = "Xcode 13.0";
			developmentRegion = en;
			hasScannedForEncodings = 0;
			knownRegions = (
				en,
				Base,
			);
			mainGroup = BD65082C28197C1B009FEEFE;
			productRefGroup = BD65083628197C1B009FEEFE /* Products */;
			projectDirPath = "";
			projectRoot = "";
			targets = (
				BD65083428197C1B009FEEFE /* ToolTipViewSample */,
			);
		};
/* End PBXProject section */

/* Begin PBXResourcesBuildPhase section */
		BD65083328197C1B009FEEFE /* Resources */ = {
			isa = PBXResourcesBuildPhase;
			buildActionMask = 2147483647;
			files = (
				BD65084528197C1C009FEEFE /* LaunchScreen.storyboard in Resources */,
				BD65084228197C1C009FEEFE /* Assets.xcassets in Resources */,
			);
			runOnlyForDeploymentPostprocessing = 0;
		};
/* End PBXResourcesBuildPhase section */

/* Begin PBXShellScriptBuildPhase section */
		0236DBC58E22EFB1C85502CA /* [CP] Embed Pods Frameworks */ = {
			isa = PBXShellScriptBuildPhase;
			buildActionMask = 2147483647;
			files = (
			);
			inputFileListPaths = (
				"${PODS_ROOT}/Target Support Files/Pods-ToolTipViewSample/Pods-ToolTipViewSample-frameworks-${CONFIGURATION}-input-files.xcfilelist",
			);
			name = "[CP] Embed Pods Frameworks";
			outputFileListPaths = (
				"${PODS_ROOT}/Target Support Files/Pods-ToolTipViewSample/Pods-ToolTipViewSample-frameworks-${CONFIGURATION}-output-files.xcfilelist",
			);
			runOnlyForDeploymentPostprocessing = 0;
			shellPath = /bin/sh;
			shellScript = "\"${PODS_ROOT}/Target Support Files/Pods-ToolTipViewSample/Pods-ToolTipViewSample-frameworks.sh\"\n";
			showEnvVarsInLog = 0;
		};
		4AA00347BAFA4824055536D8 /* [CP] Check Pods Manifest.lock */ = {
			isa = PBXShellScriptBuildPhase;
			buildActionMask = 2147483647;
			files = (
			);
			inputFileListPaths = (
			);
			inputPaths = (
				"${PODS_PODFILE_DIR_PATH}/Podfile.lock",
				"${PODS_ROOT}/Manifest.lock",
			);
			name = "[CP] Check Pods Manifest.lock";
			outputFileListPaths = (
			);
			outputPaths = (
				"$(DERIVED_FILE_DIR)/Pods-ToolTipViewSample-checkManifestLockResult.txt",
			);
			runOnlyForDeploymentPostprocessing = 0;
			shellPath = /bin/sh;
			shellScript = "diff \"${PODS_PODFILE_DIR_PATH}/Podfile.lock\" \"${PODS_ROOT}/Manifest.lock\" > /dev/null\nif [ $? != 0 ] ; then\n    # print error to STDERR\n    echo \"error: The sandbox is not in sync with the Podfile.lock. Run 'pod install' or update your CocoaPods installation.\" >&2\n    exit 1\nfi\n# This output is used by Xcode 'outputs' to avoid re-running this script phase.\necho \"SUCCESS\" > \"${SCRIPT_OUTPUT_FILE_0}\"\n";
			showEnvVarsInLog = 0;
		};
/* End PBXShellScriptBuildPhase section */

/* Begin PBXSourcesBuildPhase section */
		BD65083128197C1B009FEEFE /* Sources */ = {
			isa = PBXSourcesBuildPhase;
			buildActionMask = 2147483647;
			files = (
				BD05DCB0281A7DF7005F8D96 /* ContentViewController.swift in Sources */,
				BD65083D28197C1B009FEEFE /* ViewController.swift in Sources */,
				BD05DCAE281A7DD1005F8D96 /* TabBarController.swift in Sources */,
				BD65083928197C1B009FEEFE /* AppDelegate.swift in Sources */,
				BD65083B28197C1B009FEEFE /* SceneDelegate.swift in Sources */,
			);
			runOnlyForDeploymentPostprocessing = 0;
		};
/* End PBXSourcesBuildPhase section */

/* Begin PBXVariantGroup section */
		BD65084328197C1C009FEEFE /* LaunchScreen.storyboard */ = {
			isa = PBXVariantGroup;
			children = (
				BD65084428197C1C009FEEFE /* Base */,
			);
			name = LaunchScreen.storyboard;
			sourceTree = "<group>";
		};
/* End PBXVariantGroup section */

/* Begin XCBuildConfiguration section */
		BD65084728197C1C009FEEFE /* Debug */ = {
			isa = XCBuildConfiguration;
			buildSettings = {
				ALWAYS_SEARCH_USER_PATHS = NO;
				CLANG_ANALYZER_NONNULL = YES;
				CLANG_ANALYZER_NUMBER_OBJECT_CONVERSION = YES_AGGRESSIVE;
				CLANG_CXX_LANGUAGE_STANDARD = "gnu++17";
				CLANG_CXX_LIBRARY = "libc++";
				CLANG_ENABLE_MODULES = YES;
				CLANG_ENABLE_OBJC_ARC = YES;
				CLANG_ENABLE_OBJC_WEAK = YES;
				CLANG_WARN_BLOCK_CAPTURE_AUTORELEASING = YES;
				CLANG_WARN_BOOL_CONVERSION = YES;
				CLANG_WARN_COMMA = YES;
				CLANG_WARN_CONSTANT_CONVERSION = YES;
				CLANG_WARN_DEPRECATED_OBJC_IMPLEMENTATIONS = YES;
				CLANG_WARN_DIRECT_OBJC_ISA_USAGE = YES_ERROR;
				CLANG_WARN_DOCUMENTATION_COMMENTS = YES;
				CLANG_WARN_EMPTY_BODY = YES;
				CLANG_WARN_ENUM_CONVERSION = YES;
				CLANG_WARN_INFINITE_RECURSION = YES;
				CLANG_WARN_INT_CONVERSION = YES;
				CLANG_WARN_NON_LITERAL_NULL_CONVERSION = YES;
				CLANG_WARN_OBJC_IMPLICIT_RETAIN_SELF = YES;
				CLANG_WARN_OBJC_LITERAL_CONVERSION = YES;
				CLANG_WARN_OBJC_ROOT_CLASS = YES_ERROR;
				CLANG_WARN_QUOTED_INCLUDE_IN_FRAMEWORK_HEADER = YES;
				CLANG_WARN_RANGE_LOOP_ANALYSIS = YES;
				CLANG_WARN_STRICT_PROTOTYPES = YES;
				CLANG_WARN_SUSPICIOUS_MOVE = YES;
				CLANG_WARN_UNGUARDED_AVAILABILITY = YES_AGGRESSIVE;
				CLANG_WARN_UNREACHABLE_CODE = YES;
				CLANG_WARN__DUPLICATE_METHOD_MATCH = YES;
				COPY_PHASE_STRIP = NO;
				DEBUG_INFORMATION_FORMAT = dwarf;
				ENABLE_STRICT_OBJC_MSGSEND = YES;
				ENABLE_TESTABILITY = YES;
				GCC_C_LANGUAGE_STANDARD = gnu11;
				GCC_DYNAMIC_NO_PIC = NO;
				GCC_NO_COMMON_BLOCKS = YES;
				GCC_OPTIMIZATION_LEVEL = 0;
				GCC_PREPROCESSOR_DEFINITIONS = (
					"DEBUG=1",
					"$(inherited)",
				);
				GCC_WARN_64_TO_32_BIT_CONVERSION = YES;
				GCC_WARN_ABOUT_RETURN_TYPE = YES_ERROR;
				GCC_WARN_UNDECLARED_SELECTOR = YES;
				GCC_WARN_UNINITIALIZED_AUTOS = YES_AGGRESSIVE;
				GCC_WARN_UNUSED_FUNCTION = YES;
				GCC_WARN_UNUSED_VARIABLE = YES;
				IPHONEOS_DEPLOYMENT_TARGET = 15.2;
				MTL_ENABLE_DEBUG_INFO = INCLUDE_SOURCE;
				MTL_FAST_MATH = YES;
				ONLY_ACTIVE_ARCH = YES;
				SDKROOT = iphoneos;
				SWIFT_ACTIVE_COMPILATION_CONDITIONS = DEBUG;
				SWIFT_OPTIMIZATION_LEVEL = "-Onone";
			};
			name = Debug;
		};
		BD65084828197C1C009FEEFE /* Release */ = {
			isa = XCBuildConfiguration;
			buildSettings = {
				ALWAYS_SEARCH_USER_PATHS = NO;
				CLANG_ANALYZER_NONNULL = YES;
				CLANG_ANALYZER_NUMBER_OBJECT_CONVERSION = YES_AGGRESSIVE;
				CLANG_CXX_LANGUAGE_STANDARD = "gnu++17";
				CLANG_CXX_LIBRARY = "libc++";
				CLANG_ENABLE_MODULES = YES;
				CLANG_ENABLE_OBJC_ARC = YES;
				CLANG_ENABLE_OBJC_WEAK = YES;
				CLANG_WARN_BLOCK_CAPTURE_AUTORELEASING = YES;
				CLANG_WARN_BOOL_CONVERSION = YES;
				CLANG_WARN_COMMA = YES;
				CLANG_WARN_CONSTANT_CONVERSION = YES;
				CLANG_WARN_DEPRECATED_OBJC_IMPLEMENTATIONS = YES;
				CLANG_WARN_DIRECT_OBJC_ISA_USAGE = YES_ERROR;
				CLANG_WARN_DOCUMENTATION_COMMENTS = YES;
				CLANG_WARN_EMPTY_BODY = YES;
				CLANG_WARN_ENUM_CONVERSION = YES;
				CLANG_WARN_INFINITE_RECURSION = YES;
				CLANG_WARN_INT_CONVERSION = YES;
				CLANG_WARN_NON_LITERAL_NULL_CONVERSION = YES;
				CLANG_WARN_OBJC_IMPLICIT_RETAIN_SELF = YES;
				CLANG_WARN_OBJC_LITERAL_CONVERSION = YES;
				CLANG_WARN_OBJC_ROOT_CLASS = YES_ERROR;
				CLANG_WARN_QUOTED_INCLUDE_IN_FRAMEWORK_HEADER = YES;
				CLANG_WARN_RANGE_LOOP_ANALYSIS = YES;
				CLANG_WARN_STRICT_PROTOTYPES = YES;
				CLANG_WARN_SUSPICIOUS_MOVE = YES;
				CLANG_WARN_UNGUARDED_AVAILABILITY = YES_AGGRESSIVE;
				CLANG_WARN_UNREACHABLE_CODE = YES;
				CLANG_WARN__DUPLICATE_METHOD_MATCH = YES;
				COPY_PHASE_STRIP = NO;
				DEBUG_INFORMATION_FORMAT = "dwarf-with-dsym";
				ENABLE_NS_ASSERTIONS = NO;
				ENABLE_STRICT_OBJC_MSGSEND = YES;
				GCC_C_LANGUAGE_STANDARD = gnu11;
				GCC_NO_COMMON_BLOCKS = YES;
				GCC_WARN_64_TO_32_BIT_CONVERSION = YES;
				GCC_WARN_ABOUT_RETURN_TYPE = YES_ERROR;
				GCC_WARN_UNDECLARED_SELECTOR = YES;
				GCC_WARN_UNINITIALIZED_AUTOS = YES_AGGRESSIVE;
				GCC_WARN_UNUSED_FUNCTION = YES;
				GCC_WARN_UNUSED_VARIABLE = YES;
				IPHONEOS_DEPLOYMENT_TARGET = 15.2;
				MTL_ENABLE_DEBUG_INFO = NO;
				MTL_FAST_MATH = YES;
				SDKROOT = iphoneos;
				SWIFT_COMPILATION_MODE = wholemodule;
				SWIFT_OPTIMIZATION_LEVEL = "-O";
				VALIDATE_PRODUCT = YES;
			};
			name = Release;
		};
		BD65084A28197C1C009FEEFE /* Debug */ = {
			isa = XCBuildConfiguration;
			baseConfigurationReference = FC1D7E7606D3F4F5F755FC01 /* Pods-ToolTipViewSample.debug.xcconfig */;
			buildSettings = {
				ASSETCATALOG_COMPILER_APPICON_NAME = AppIcon;
				ASSETCATALOG_COMPILER_GLOBAL_ACCENT_COLOR_NAME = AccentColor;
				CODE_SIGN_STYLE = Automatic;
				CURRENT_PROJECT_VERSION = 1;
				DEVELOPMENT_TEAM = W7P3R7ZL78;
				GENERATE_INFOPLIST_FILE = YES;
				INFOPLIST_FILE = ToolTipViewSample/Info.plist;
				INFOPLIST_KEY_UIApplicationSupportsIndirectInputEvents = YES;
				INFOPLIST_KEY_UILaunchStoryboardName = LaunchScreen;
				INFOPLIST_KEY_UISupportedInterfaceOrientations_iPad = "UIInterfaceOrientationPortrait UIInterfaceOrientationPortraitUpsideDown UIInterfaceOrientationLandscapeLeft UIInterfaceOrientationLandscapeRight";
				INFOPLIST_KEY_UISupportedInterfaceOrientations_iPhone = "UIInterfaceOrientationPortrait UIInterfaceOrientationLandscapeLeft UIInterfaceOrientationLandscapeRight";
				LD_RUNPATH_SEARCH_PATHS = (
					"$(inherited)",
					"@executable_path/Frameworks",
				);
				MARKETING_VERSION = 1.0;
				PRODUCT_BUNDLE_IDENTIFIER = com.taekki.ToolTipViewSample;
				PRODUCT_NAME = "$(TARGET_NAME)";
				SWIFT_EMIT_LOC_STRINGS = YES;
				SWIFT_VERSION = 5.0;
				TARGETED_DEVICE_FAMILY = "1,2";
			};
			name = Debug;
		};
		BD65084B28197C1C009FEEFE /* Release */ = {
			isa = XCBuildConfiguration;
			baseConfigurationReference = 7ABBE685844A235CFCFA19DF /* Pods-ToolTipViewSample.release.xcconfig */;
			buildSettings = {
				ASSETCATALOG_COMPILER_APPICON_NAME = AppIcon;
				ASSETCATALOG_COMPILER_GLOBAL_ACCENT_COLOR_NAME = AccentColor;
				CODE_SIGN_STYLE = Automatic;
				CURRENT_PROJECT_VERSION = 1;
				DEVELOPMENT_TEAM = W7P3R7ZL78;
				GENERATE_INFOPLIST_FILE = YES;
				INFOPLIST_FILE = ToolTipViewSample/Info.plist;
				INFOPLIST_KEY_UIApplicationSupportsIndirectInputEvents = YES;
				INFOPLIST_KEY_UILaunchStoryboardName = LaunchScreen;
				INFOPLIST_KEY_UISupportedInterfaceOrientations_iPad = "UIInterfaceOrientationPortrait UIInterfaceOrientationPortraitUpsideDown UIInterfaceOrientationLandscapeLeft UIInterfaceOrientationLandscapeRight";
				INFOPLIST_KEY_UISupportedInterfaceOrientations_iPhone = "UIInterfaceOrientationPortrait UIInterfaceOrientationLandscapeLeft UIInterfaceOrientationLandscapeRight";
				LD_RUNPATH_SEARCH_PATHS = (
					"$(inherited)",
					"@executable_path/Frameworks",
				);
				MARKETING_VERSION = 1.0;
				PRODUCT_BUNDLE_IDENTIFIER = com.taekki.ToolTipViewSample;
				PRODUCT_NAME = "$(TARGET_NAME)";
				SWIFT_EMIT_LOC_STRINGS = YES;
				SWIFT_VERSION = 5.0;
				TARGETED_DEVICE_FAMILY = "1,2";
			};
			name = Release;
		};
/* End XCBuildConfiguration section */

/* Begin XCConfigurationList section */
		BD65083028197C1B009FEEFE /* Build configuration list for PBXProject "ToolTipViewSample" */ = {
			isa = XCConfigurationList;
			buildConfigurations = (
				BD65084728197C1C009FEEFE /* Debug */,
				BD65084828197C1C009FEEFE /* Release */,
			);
			defaultConfigurationIsVisible = 0;
			defaultConfigurationName = Release;
		};
		BD65084928197C1C009FEEFE /* Build configuration list for PBXNativeTarget "ToolTipViewSample" */ = {
			isa = XCConfigurationList;
			buildConfigurations = (
				BD65084A28197C1C009FEEFE /* Debug */,
				BD65084B28197C1C009FEEFE /* Release */,
			);
			defaultConfigurationIsVisible = 0;
			defaultConfigurationName = Release;
		};
/* End XCConfigurationList section */
	};
	rootObject = BD65082D28197C1B009FEEFE /* Project object */;
}
